
Microsoft Visual Studio Solution File, Format Version 12.00
# Visual Studio Version 17
VisualStudioVersion = 17.1.32228.430
MinimumVisualStudioVersion = 10.0.40219.1
Project("{9A19103F-16F7-4668-BE54-9A1E7A4F7556}") = "WebApp_Repository_PartialView", "WebApplication1\WebApp_Repository_PartialView.csproj", "{91CFFFAE-FC60-4031-BA16-98A765D34458}"
EndProject
Global
	GlobalSection(SolutionConfigurationPlatforms) = preSolution
		Debug|Any CPU = Debug|Any CPU
		Release|Any CPU = Release|Any CPU
	EndGlobalSection
	GlobalSection(ProjectConfigurationPlatforms) = postSolution
		{91CFFFAE-FC60-4031-BA16-98A765D34458}.Debug|Any CPU.ActiveCfg = Debug|Any CPU
		{91CFFFAE-FC60-4031-BA16-98A765D34458}.Debug|Any CPU.Build.0 = Debug|Any CPU
		{91CFFFAE-FC60-4031-BA16-98A765D34458}.Release|Any CPU.ActiveCfg = Release|Any CPU
		{91CFFFAE-FC60-4031-BA16-98A765D34458}.Release|Any CPU.Build.0 = Release|Any CPU
	EndGlobalSection
	GlobalSection(SolutionProperties) = preSolution
		HideSolutionNode = FALSE
	EndGlobalSection
	GlobalSection(ExtensibilityGlobals) = postSolution
		SolutionGuid = {6BD097BA-C9E2-48F4-B27E-D9CBF52D9C25}
	EndGlobalSection
EndGlobal
